
Microsoft Visual Studio Solution File, Format Version 12.00
# Visual Studio Version 16
VisualStudioVersion = 16.0.30413.136
MinimumVisualStudioVersion = 10.0.40219.1
Project("{FAE04EC0-301F-11D3-BF4B-00C04F79EFBC}") = "Repaso8-20", "Repaso8-20\Repaso8-20.csproj", "{3559695D-DF61-408F-8329-700EAC74E068}"
EndProject
Project("{FAE04EC0-301F-11D3-BF4B-00C04F79EFBC}") = "ejRepaso9", "ejRepaso9\ejRepaso9.csproj", "{F1576C05-F5D7-4145-9B19-83B62313C75D}"
EndProject
Project("{FAE04EC0-301F-11D3-BF4B-00C04F79EFBC}") = "Ej10", "Ej10\Ej10.csproj", "{833547A2-D63A-48E0-BBE3-FDF02B4134DA}"
EndProject
Project("{FAE04EC0-301F-11D3-BF4B-00C04F79EFBC}") = "Ej11", "Ej11\Ej11.csproj", "{4012E4AE-C937-49D3-B4AD-5FC12929B204}"
EndProject
Project("{FAE04EC0-301F-11D3-BF4B-00C04F79EFBC}") = "ej12", "ej12\ej12.csproj", "{46C1BCB8-BD0C-4157-B5BC-01B06C9A3D3E}"
EndProject
Project("{FAE04EC0-301F-11D3-BF4B-00C04F79EFBC}") = "ej14", "ej14\ej14.csproj", "{2DBB25D4-534B-4F9B-AA60-C8A5F0A5A9D9}"
EndProject
Global
	GlobalSection(SolutionConfigurationPlatforms) = preSolution
		Debug|Any CPU = Debug|Any CPU
		Release|Any CPU = Release|Any CPU
	EndGlobalSection
	GlobalSection(ProjectConfigurationPlatforms) = postSolution
		{3559695D-DF61-408F-8329-700EAC74E068}.Debug|Any CPU.ActiveCfg = Debug|Any CPU
		{3559695D-DF61-408F-8329-700EAC74E068}.Debug|Any CPU.Build.0 = Debug|Any CPU
		{3559695D-DF61-408F-8329-700EAC74E068}.Release|Any CPU.ActiveCfg = Release|Any CPU
		{3559695D-DF61-408F-8329-700EAC74E068}.Release|Any CPU.Build.0 = Release|Any CPU
		{F1576C05-F5D7-4145-9B19-83B62313C75D}.Debug|Any CPU.ActiveCfg = Debug|Any CPU
		{F1576C05-F5D7-4145-9B19-83B62313C75D}.Debug|Any CPU.Build.0 = Debug|Any CPU
		{F1576C05-F5D7-4145-9B19-83B62313C75D}.Release|Any CPU.ActiveCfg = Release|Any CPU
		{F1576C05-F5D7-4145-9B19-83B62313C75D}.Release|Any CPU.Build.0 = Release|Any CPU
		{833547A2-D63A-48E0-BBE3-FDF02B4134DA}.Debug|Any CPU.ActiveCfg = Debug|Any CPU
		{833547A2-D63A-48E0-BBE3-FDF02B4134DA}.Debug|Any CPU.Build.0 = Debug|Any CPU
		{833547A2-D63A-48E0-BBE3-FDF02B4134DA}.Release|Any CPU.ActiveCfg = Release|Any CPU
		{833547A2-D63A-48E0-BBE3-FDF02B4134DA}.Release|Any CPU.Build.0 = Release|Any CPU
		{4012E4AE-C937-49D3-B4AD-5FC12929B204}.Debug|Any CPU.ActiveCfg = Debug|Any CPU
		{4012E4AE-C937-49D3-B4AD-5FC12929B204}.Debug|Any CPU.Build.0 = Debug|Any CPU
		{4012E4AE-C937-49D3-B4AD-5FC12929B204}.Release|Any CPU.ActiveCfg = Release|Any CPU
		{4012E4AE-C937-49D3-B4AD-5FC12929B204}.Release|Any CPU.Build.0 = Release|Any CPU
		{46C1BCB8-BD0C-4157-B5BC-01B06C9A3D3E}.Debug|Any CPU.ActiveCfg = Debug|Any CPU
		{46C1BCB8-BD0C-4157-B5BC-01B06C9A3D3E}.Debug|Any CPU.Build.0 = Debug|Any CPU
		{46C1BCB8-BD0C-4157-B5BC-01B06C9A3D3E}.Release|Any CPU.ActiveCfg = Release|Any CPU
		{46C1BCB8-BD0C-4157-B5BC-01B06C9A3D3E}.Release|Any CPU.Build.0 = Release|Any CPU
		{2DBB25D4-534B-4F9B-AA60-C8A5F0A5A9D9}.Debug|Any CPU.ActiveCfg = Debug|Any CPU
		{2DBB25D4-534B-4F9B-AA60-C8A5F0A5A9D9}.Debug|Any CPU.Build.0 = Debug|Any CPU
		{2DBB25D4-534B-4F9B-AA60-C8A5F0A5A9D9}.Release|Any CPU.ActiveCfg = Release|Any CPU
		{2DBB25D4-534B-4F9B-AA60-C8A5F0A5A9D9}.Release|Any CPU.Build.0 = Release|Any CPU
	EndGlobalSection
	GlobalSection(SolutionProperties) = preSolution
		HideSolutionNode = FALSE
	EndGlobalSection
	GlobalSection(ExtensibilityGlobals) = postSolution
		SolutionGuid = {A9478CF7-7E88-4391-8B63-74AEA700A6B0}
	EndGlobalSection
EndGlobal
