
Microsoft Visual Studio Solution File, Format Version 12.00
# Visual Studio Version 16
VisualStudioVersion = 16.0.29215.179
MinimumVisualStudioVersion = 10.0.40219.1
Project("{FAE04EC0-301F-11D3-BF4B-00C04F79EFBC}") = "ejRepaso3", "ejRepaso3\ejRepaso3.csproj", "{3317958D-865B-4B65-A4C9-6A19AC7E9717}"
EndProject
Global
	GlobalSection(SolutionConfigurationPlatforms) = preSolution
		Debug|Any CPU = Debug|Any CPU
		Release|Any CPU = Release|Any CPU
	EndGlobalSection
	GlobalSection(ProjectConfigurationPlatforms) = postSolution
		{3317958D-865B-4B65-A4C9-6A19AC7E9717}.Debug|Any CPU.ActiveCfg = Debug|Any CPU
		{3317958D-865B-4B65-A4C9-6A19AC7E9717}.Debug|Any CPU.Build.0 = Debug|Any CPU
		{3317958D-865B-4B65-A4C9-6A19AC7E9717}.Release|Any CPU.ActiveCfg = Release|Any CPU
		{3317958D-865B-4B65-A4C9-6A19AC7E9717}.Release|Any CPU.Build.0 = Release|Any CPU
	EndGlobalSection
	GlobalSection(SolutionProperties) = preSolution
		HideSolutionNode = FALSE
	EndGlobalSection
	GlobalSection(ExtensibilityGlobals) = postSolution
		SolutionGuid = {2EFA1B88-CA0E-4DD8-9EC2-5CC6DBF39E84}
	EndGlobalSection
EndGlobal
